PODS:
  - SkeletonView (1.30.1)
  - SwiftConfettiView (0.1.0)

DEPENDENCIES:
  - SkeletonView
  - SwiftConfettiView

SPEC REPOS:
  trunk:
    - SkeletonView
    - SwiftConfettiView

SPEC CHECKSUMS:
  SkeletonView: f1e8e19841be437746f07b7dc7ce4d028b698b96
  SwiftConfettiView: 1bdbc2e6913b6b1c76d8070802b212508ad5c352

PODFILE CHECKSUM: 90180dd4a76aa66f8859b5b447bc6a1436c34904

COCOAPODS: 1.11.3
